// !$*UTF8*$!
{
	archiveVersion = 1;
	classes = {
	};
	objectVersion = 77;
	objects = {

/* Begin PBXContainerItemProxy section */
		4E729B902CC5E6B800E9448E /* PBXContainerItemProxy */ = {
			isa = PBXContainerItemProxy;
			containerPortal = 4E729B752CC5E6B600E9448E /* Project object */;
			proxyType = 1;
			remoteGlobalIDString = 4E729B7C2CC5E6B600E9448E;
			remoteInfo = incertitude;
		};
		4E729B9A2CC5E6B800E9448E /* PBXContainerItemProxy */ = {
			isa = PBXContainerItemProxy;
			containerPortal = 4E729B752CC5E6B600E9448E /* Project object */;
			proxyType = 1;
			remoteGlobalIDString = 4E729B7C2CC5E6B600E9448E;
			remoteInfo = incertitude;
		};
/* End PBXContainerItemProxy section */

/* Begin PBXFileReference section */
		4E729B7D2CC5E6B600E9448E /* incertitude.app */ = {isa = PBXFileReference; explicitFileType = wrapper.application; includeInIndex = 0; path = incertitude.app; sourceTree = BUILT_PRODUCTS_DIR; };
		4E729B8F2CC5E6B800E9448E /* incertitudeTests.xctest */ = {isa = PBXFileReference; explicitFileType = wrapper.cfbundle; includeInIndex = 0; path = incertitudeTests.xctest; sourceTree = BUILT_PRODUCTS_DIR; };
		4E729B992CC5E6B800E9448E /* incertitudeUITests.xctest */ = {isa = PBXFileReference; explicitFileType = wrapper.cfbundle; includeInIndex = 0; path = incertitudeUITests.xctest; sourceTree = BUILT_PRODUCTS_DIR; };
/* End PBXFileReference section */

/* Begin PBXFileSystemSynchronizedRootGroup section */
		4E729B7F2CC5E6B600E9448E /* incertitude */ = {
			isa = PBXFileSystemSynchronizedRootGroup;
			path = incertitude;
			sourceTree = "<group>";
		};
		4E729B922CC5E6B800E9448E /* incertitudeTests */ = {
			isa = PBXFileSystemSynchronizedRootGroup;
			path = incertitudeTests;
			sourceTree = "<group>";
		};
		4E729B9C2CC5E6B800E9448E /* incertitudeUITests */ = {
			isa = PBXFileSystemSynchronizedRootGroup;
			path = incertitudeUITests;
			sourceTree = "<group>";
		};
/* End PBXFileSystemSynchronizedRootGroup section */

/* Begin PBXFrameworksBuildPhase section */
		4E729B7A2CC5E6B600E9448E /* Frameworks */ = {
			isa = PBXFrameworksBuildPhase;
			buildActionMask = 2147483647;
			files = (
			);
			runOnlyForDeploymentPostprocessing = 0;
		};
		4E729B8C2CC5E6B800E9448E /* Frameworks */ = {
			isa = PBXFrameworksBuildPhase;
			buildActionMask = 2147483647;
			files = (
			);
			runOnlyForDeploymentPostprocessing = 0;
		};
		4E729B962CC5E6B800E9448E /* Frameworks */ = {
			isa = PBXFrameworksBuildPhase;
			buildActionMask = 2147483647;
			files = (
			);
			runOnlyForDeploymentPostprocessing = 0;
		};
/* End PBXFrameworksBuildPhase section */

/* Begin PBXGroup section */
		4E729B742CC5E6B600E9448E = {
			isa = PBXGroup;
			children = (
				4E729B7F2CC5E6B600E9448E /* incertitude */,
				4E729B922CC5E6B800E9448E /* incertitudeTests */,
				4E729B9C2CC5E6B800E9448E /* incertitudeUITests */,
				4E729B7E2CC5E6B600E9448E /* Products */,
			);
			sourceTree = "<group>";
		};
		4E729B7E2CC5E6B600E9448E /* Products */ = {
			isa = PBXGroup;
			children = (
				4E729B7D2CC5E6B600E9448E /* incertitude.app */,
				4E729B8F2CC5E6B800E9448E /* incertitudeTests.xctest */,
				4E729B992CC5E6B800E9448E /* incertitudeUITests.xctest */,
			);
			name = Products;
			sourceTree = "<group>";
		};
/* End PBXGroup section */

/* Begin PBXNativeTarget section */
		4E729B7C2CC5E6B600E9448E /* incertitude */ = {
			isa = PBXNativeTarget;
			buildConfigurationList = 4E729BA32CC5E6B800E9448E /* Build configuration list for PBXNativeTarget "incertitude" */;
			buildPhases = (
				4E729B792CC5E6B600E9448E /* Sources */,
				4E729B7A2CC5E6B600E9448E /* Frameworks */,
				4E729B7B2CC5E6B600E9448E /* Resources */,
			);
			buildRules = (
			);
			dependencies = (
			);
			fileSystemSynchronizedGroups = (
				4E729B7F2CC5E6B600E9448E /* incertitude */,
			);
			name = incertitude;
			packageProductDependencies = (
			);
			productName = incertitude;
			productReference = 4E729B7D2CC5E6B600E9448E /* incertitude.app */;
			productType = "com.apple.product-type.application";
		};
		4E729B8E2CC5E6B800E9448E /* incertitudeTests */ = {
			isa = PBXNativeTarget;
			buildConfigurationList = 4E729BA62CC5E6B800E9448E /* Build configuration list for PBXNativeTarget "incertitudeTests" */;
			buildPhases = (
				4E729B8B2CC5E6B800E9448E /* Sources */,
				4E729B8C2CC5E6B800E9448E /* Frameworks */,
				4E729B8D2CC5E6B800E9448E /* Resources */,
			);
			buildRules = (
			);
			dependencies = (
				4E729B912CC5E6B800E9448E /* PBXTargetDependency */,
			);
			fileSystemSynchronizedGroups = (
				4E729B922CC5E6B800E9448E /* incertitudeTests */,
			);
			name = incertitudeTests;
			packageProductDependencies = (
			);
			productName = incertitudeTests;
			productReference = 4E729B8F2CC5E6B800E9448E /* incertitudeTests.xctest */;
			productType = "com.apple.product-type.bundle.unit-test";
		};
		4E729B982CC5E6B800E9448E /* incertitudeUITests */ = {
			isa = PBXNativeTarget;
			buildConfigurationList = 4E729BA92CC5E6B800E9448E /* Build configuration list for PBXNativeTarget "incertitudeUITests" */;
			buildPhases = (
				4E729B952CC5E6B800E9448E /* Sources */,
				4E729B962CC5E6B800E9448E /* Frameworks */,
				4E729B972CC5E6B800E9448E /* Resources */,
			);
			buildRules = (
			);
			dependencies = (
				4E729B9B2CC5E6B800E9448E /* PBXTargetDependency */,
			);
			fileSystemSynchronizedGroups = (
				4E729B9C2CC5E6B800E9448E /* incertitudeUITests */,
			);
			name = incertitudeUITests;
			packageProductDependencies = (
			);
			productName = incertitudeUITests;
			productReference = 4E729B992CC5E6B800E9448E /* incertitudeUITests.xctest */;
			productType = "com.apple.product-type.bundle.ui-testing";
		};
/* End PBXNativeTarget section */

/* Begin PBXProject section */
		4E729B752CC5E6B600E9448E /* Project object */ = {
			isa = PBXProject;
			attributes = {
				BuildIndependentTargetsInParallel = 1;
				LastSwiftUpdateCheck = 1600;
				LastUpgradeCheck = 1600;
				TargetAttributes = {
					4E729B7C2CC5E6B600E9448E = {
						CreatedOnToolsVersion = 16.0;
					};
					4E729B8E2CC5E6B800E9448E = {
						CreatedOnToolsVersion = 16.0;
						TestTargetID = 4E729B7C2CC5E6B600E9448E;
					};
					4E729B982CC5E6B800E9448E = {
						CreatedOnToolsVersion = 16.0;
						TestTargetID = 4E729B7C2CC5E6B600E9448E;
					};
				};
			};
			buildConfigurationList = 4E729B782CC5E6B600E9448E /* Build configuration list for PBXProject "incertitude" */;
			developmentRegion = en;
			hasScannedForEncodings = 0;
			knownRegions = (
				en,
				Base,
			);
			mainGroup = 4E729B742CC5E6B600E9448E;
			minimizedProjectReferenceProxies = 1;
			preferredProjectObjectVersion = 77;
			productRefGroup = 4E729B7E2CC5E6B600E9448E /* Products */;
			projectDirPath = "";
			projectRoot = "";
			targets = (
				4E729B7C2CC5E6B600E9448E /* incertitude */,
				4E729B8E2CC5E6B800E9448E /* incertitudeTests */,
				4E729B982CC5E6B800E9448E /* incertitudeUITests */,
			);
		};
/* End PBXProject section */

/* Begin PBXResourcesBuildPhase section */
		4E729B7B2CC5E6B600E9448E /* Resources */ = {
			isa = PBXResourcesBuildPhase;
			buildActionMask = 2147483647;
			files = (
			);
			runOnlyForDeploymentPostprocessing = 0;
		};
		4E729B8D2CC5E6B800E9448E /* Resources */ = {
			isa = PBXResourcesBuildPhase;
			buildActionMask = 2147483647;
			files = (
			);
			runOnlyForDeploymentPostprocessing = 0;
		};
		4E729B972CC5E6B800E9448E /* Resources */ = {
			isa = PBXResourcesBuildPhase;
			buildActionMask = 2147483647;
			files = (
			);
			runOnlyForDeploymentPostprocessing = 0;
		};
/* End PBXResourcesBuildPhase section */

/* Begin PBXSourcesBuildPhase section */
		4E729B792CC5E6B600E9448E /* Sources */ = {
			isa = PBXSourcesBuildPhase;
			buildActionMask = 2147483647;
			files = (
			);
			runOnlyForDeploymentPostprocessing = 0;
		};
		4E729B8B2CC5E6B800E9448E /* Sources */ = {
			isa = PBXSourcesBuildPhase;
			buildActionMask = 2147483647;
			files = (
			);
			runOnlyForDeploymentPostprocessing = 0;
		};
		4E729B952CC5E6B800E9448E /* Sources */ = {
			isa = PBXSourcesBuildPhase;
			buildActionMask = 2147483647;
			files = (
			);
			runOnlyForDeploymentPostprocessing = 0;
		};
/* End PBXSourcesBuildPhase section */

/* Begin PBXTargetDependency section */
		4E729B912CC5E6B800E9448E /* PBXTargetDependency */ = {
			isa = PBXTargetDependency;
			target = 4E729B7C2CC5E6B600E9448E /* incertitude */;
			targetProxy = 4E729B902CC5E6B800E9448E /* PBXContainerItemProxy */;
		};
		4E729B9B2CC5E6B800E9448E /* PBXTargetDependency */ = {
			isa = PBXTargetDependency;
			target = 4E729B7C2CC5E6B600E9448E /* incertitude */;
			targetProxy = 4E729B9A2CC5E6B800E9448E /* PBXContainerItemProxy */;
		};
/* End PBXTargetDependency section */

/* Begin XCBuildConfiguration section */
		4E729BA12CC5E6B800E9448E /* Debug */ = {
			isa = XCBuildConfiguration;
			buildSettings = {
				ALWAYS_SEARCH_USER_PATHS = NO;
				ASSETCATALOG_COMPILER_GENERATE_SWIFT_ASSET_SYMBOL_EXTENSIONS = YES;
				CLANG_ANALYZER_NONNULL = YES;
				CLANG_ANALYZER_NUMBER_OBJECT_CONVERSION = YES_AGGRESSIVE;
				CLANG_CXX_LANGUAGE_STANDARD = "gnu++20";
				CLANG_ENABLE_MODULES = YES;
				CLANG_ENABLE_OBJC_ARC = YES;
				CLANG_ENABLE_OBJC_WEAK = YES;
				CLANG_WARN_BLOCK_CAPTURE_AUTORELEASING = YES;
				CLANG_WARN_BOOL_CONVERSION = YES;
				CLANG_WARN_COMMA = YES;
				CLANG_WARN_CONSTANT_CONVERSION = YES;
				CLANG_WARN_DEPRECATED_OBJC_IMPLEMENTATIONS = YES;
				CLANG_WARN_DIRECT_OBJC_ISA_USAGE = YES_ERROR;
				CLANG_WARN_DOCUMENTATION_COMMENTS = YES;
				CLANG_WARN_EMPTY_BODY = YES;
				CLANG_WARN_ENUM_CONVERSION = YES;
				CLANG_WARN_INFINITE_RECURSION = YES;
				CLANG_WARN_INT_CONVERSION = YES;
				CLANG_WARN_NON_LITERAL_NULL_CONVERSION = YES;
				CLANG_WARN_OBJC_IMPLICIT_RETAIN_SELF = YES;
				CLANG_WARN_OBJC_LITERAL_CONVERSION = YES;
				CLANG_WARN_OBJC_ROOT_CLASS = YES_ERROR;
				CLANG_WARN_QUOTED_INCLUDE_IN_FRAMEWORK_HEADER = YES;
				CLANG_WARN_RANGE_LOOP_ANALYSIS = YES;
				CLANG_WARN_STRICT_PROTOTYPES = YES;
				CLANG_WARN_SUSPICIOUS_MOVE = YES;
				CLANG_WARN_UNGUARDED_AVAILABILITY = YES_AGGRESSIVE;
				CLANG_WARN_UNREACHABLE_CODE = YES;
				CLANG_WARN__DUPLICATE_METHOD_MATCH = YES;
				COPY_PHASE_STRIP = NO;
				DEBUG_INFORMATION_FORMAT = dwarf;
				ENABLE_STRICT_OBJC_MSGSEND = YES;
				ENABLE_TESTABILITY = YES;
				ENABLE_USER_SCRIPT_SANDBOXING = YES;
				GCC_C_LANGUAGE_STANDARD = gnu17;
				GCC_DYNAMIC_NO_PIC = NO;
				GCC_NO_COMMON_BLOCKS = YES;
				GCC_OPTIMIZATION_LEVEL = 0;
				GCC_PREPROCESSOR_DEFINITIONS = (
					"DEBUG=1",
					"$(inherited)",
				);
				GCC_WARN_64_TO_32_BIT_CONVERSION = YES;
				GCC_WARN_ABOUT_RETURN_TYPE = YES_ERROR;
				GCC_WARN_UNDECLARED_SELECTOR = YES;
				GCC_WARN_UNINITIALIZED_AUTOS = YES_AGGRESSIVE;
				GCC_WARN_UNUSED_FUNCTION = YES;
				GCC_WARN_UNUSED_VARIABLE = YES;
				IPHONEOS_DEPLOYMENT_TARGET = 18.0;
				LOCALIZATION_PREFERS_STRING_CATALOGS = YES;
				MTL_ENABLE_DEBUG_INFO = INCLUDE_SOURCE;
				MTL_FAST_MATH = YES;
				ONLY_ACTIVE_ARCH = YES;
				SDKROOT = iphoneos;
				SWIFT_ACTIVE_COMPILATION_CONDITIONS = "DEBUG $(inherited)";
				SWIFT_OPTIMIZATION_LEVEL = "-Onone";
			};
			name = Debug;
		};
		4E729BA22CC5E6B800E9448E /* Release */ = {
			isa = XCBuildConfiguration;
			buildSettings = {
				ALWAYS_SEARCH_USER_PATHS = NO;
				ASSETCATALOG_COMPILER_GENERATE_SWIFT_ASSET_SYMBOL_EXTENSIONS = YES;
				CLANG_ANALYZER_NONNULL = YES;
				CLANG_ANALYZER_NUMBER_OBJECT_CONVERSION = YES_AGGRESSIVE;
				CLANG_CXX_LANGUAGE_STANDARD = "gnu++20";
				CLANG_ENABLE_MODULES = YES;
				CLANG_ENABLE_OBJC_ARC = YES;
				CLANG_ENABLE_OBJC_WEAK = YES;
				CLANG_WARN_BLOCK_CAPTURE_AUTORELEASING = YES;
				CLANG_WARN_BOOL_CONVERSION = YES;
				CLANG_WARN_COMMA = YES;
				CLANG_WARN_CONSTANT_CONVERSION = YES;
				CLANG_WARN_DEPRECATED_OBJC_IMPLEMENTATIONS = YES;
				CLANG_WARN_DIRECT_OBJC_ISA_USAGE = YES_ERROR;
				CLANG_WARN_DOCUMENTATION_COMMENTS = YES;
				CLANG_WARN_EMPTY_BODY = YES;
				CLANG_WARN_ENUM_CONVERSION = YES;
				CLANG_WARN_INFINITE_RECURSION = YES;
				CLANG_WARN_INT_CONVERSION = YES;
				CLANG_WARN_NON_LITERAL_NULL_CONVERSION = YES;
				CLANG_WARN_OBJC_IMPLICIT_RETAIN_SELF = YES;
				CLANG_WARN_OBJC_LITERAL_CONVERSION = YES;
				CLANG_WARN_OBJC_ROOT_CLASS = YES_ERROR;
				CLANG_WARN_QUOTED_INCLUDE_IN_FRAMEWORK_HEADER = YES;
				CLANG_WARN_RANGE_LOOP_ANALYSIS = YES;
				CLANG_WARN_STRICT_PROTOTYPES = YES;
				CLANG_WARN_SUSPICIOUS_MOVE = YES;
				CLANG_WARN_UNGUARDED_AVAILABILITY = YES_AGGRESSIVE;
				CLANG_WARN_UNREACHABLE_CODE = YES;
				CLANG_WARN__DUPLICATE_METHOD_MATCH = YES;
				COPY_PHASE_STRIP = NO;
				DEBUG_INFORMATION_FORMAT = "dwarf-with-dsym";
				ENABLE_NS_ASSERTIONS = NO;
				ENABLE_STRICT_OBJC_MSGSEND = YES;
				ENABLE_USER_SCRIPT_SANDBOXING = YES;
				GCC_C_LANGUAGE_STANDARD = gnu17;
				GCC_NO_COMMON_BLOCKS = YES;
				GCC_WARN_64_TO_32_BIT_CONVERSION = YES;
				GCC_WARN_ABOUT_RETURN_TYPE = YES_ERROR;
				GCC_WARN_UNDECLARED_SELECTOR = YES;
				GCC_WARN_UNINITIALIZED_AUTOS = YES_AGGRESSIVE;
				GCC_WARN_UNUSED_FUNCTION = YES;
				GCC_WARN_UNUSED_VARIABLE = YES;
				IPHONEOS_DEPLOYMENT_TARGET = 18.0;
				LOCALIZATION_PREFERS_STRING_CATALOGS = YES;
				MTL_ENABLE_DEBUG_INFO = NO;
				MTL_FAST_MATH = YES;
				SDKROOT = iphoneos;
				SWIFT_COMPILATION_MODE = wholemodule;
				VALIDATE_PRODUCT = YES;
			};
			name = Release;
		};
		4E729BA42CC5E6B800E9448E /* Debug */ = {
			isa = XCBuildConfiguration;
			buildSettings = {
				ASSETCATALOG_COMPILER_APPICON_NAME = AppIcon;
				ASSETCATALOG_COMPILER_GLOBAL_ACCENT_COLOR_NAME = AccentColor;
				CODE_SIGN_STYLE = Automatic;
				CURRENT_PROJECT_VERSION = 1;
				DEVELOPMENT_ASSET_PATHS = "\"incertitude/Preview Content\"";
				ENABLE_PREVIEWS = YES;
				GENERATE_INFOPLIST_FILE = YES;
				INFOPLIST_KEY_UIApplicationSceneManifest_Generation = YES;
				INFOPLIST_KEY_UIApplicationSupportsIndirectInputEvents = YES;
				INFOPLIST_KEY_UILaunchScreen_Generation = YES;
				INFOPLIST_KEY_UISupportedInterfaceOrientations_iPad = "UIInterfaceOrientationPortrait UIInterfaceOrientationPortraitUpsideDown UIInterfaceOrientationLandscapeLeft UIInterfaceOrientationLandscapeRight";
				INFOPLIST_KEY_UISupportedInterfaceOrientations_iPhone = "UIInterfaceOrientationPortrait UIInterfaceOrientationLandscapeLeft UIInterfaceOrientationLandscapeRight";
				LD_RUNPATH_SEARCH_PATHS = (
					"$(inherited)",
					"@executable_path/Frameworks",
				);
				MARKETING_VERSION = 1.0;
				PRODUCT_BUNDLE_IDENTIFIER = eric.incertitude;
				PRODUCT_NAME = "$(TARGET_NAME)";
				SWIFT_EMIT_LOC_STRINGS = YES;
				SWIFT_VERSION = 5.0;
				TARGETED_DEVICE_FAMILY = "1,2";
			};
			name = Debug;
		};
		4E729BA52CC5E6B800E9448E /* Release */ = {
			isa = XCBuildConfiguration;
			buildSettings = {
				ASSETCATALOG_COMPILER_APPICON_NAME = AppIcon;
				ASSETCATALOG_COMPILER_GLOBAL_ACCENT_COLOR_NAME = AccentColor;
				CODE_SIGN_STYLE = Automatic;
				CURRENT_PROJECT_VERSION = 1;
				DEVELOPMENT_ASSET_PATHS = "\"incertitude/Preview Content\"";
				ENABLE_PREVIEWS = YES;
				GENERATE_INFOPLIST_FILE = YES;
				INFOPLIST_KEY_UIApplicationSceneManifest_Generation = YES;
				INFOPLIST_KEY_UIApplicationSupportsIndirectInputEvents = YES;
				INFOPLIST_KEY_UILaunchScreen_Generation = YES;
				INFOPLIST_KEY_UISupportedInterfaceOrientations_iPad = "UIInterfaceOrientationPortrait UIInterfaceOrientationPortraitUpsideDown UIInterfaceOrientationLandscapeLeft UIInterfaceOrientationLandscapeRight";
				INFOPLIST_KEY_UISupportedInterfaceOrientations_iPhone = "UIInterfaceOrientationPortrait UIInterfaceOrientationLandscapeLeft UIInterfaceOrientationLandscapeRight";
				LD_RUNPATH_SEARCH_PATHS = (
					"$(inherited)",
					"@executable_path/Frameworks",
				);
				MARKETING_VERSION = 1.0;
				PRODUCT_BUNDLE_IDENTIFIER = eric.incertitude;
				PRODUCT_NAME = "$(TARGET_NAME)";
				SWIFT_EMIT_LOC_STRINGS = YES;
				SWIFT_VERSION = 5.0;
				TARGETED_DEVICE_FAMILY = "1,2";
			};
			name = Release;
		};
		4E729BA72CC5E6B800E9448E /* Debug */ = {
			isa = XCBuildConfiguration;
			buildSettings = {
				BUNDLE_LOADER = "$(TEST_HOST)";
				CODE_SIGN_STYLE = Automatic;
				CURRENT_PROJECT_VERSION = 1;
				GENERATE_INFOPLIST_FILE = YES;
				IPHONEOS_DEPLOYMENT_TARGET = 18.0;
				MARKETING_VERSION = 1.0;
				PRODUCT_BUNDLE_IDENTIFIER = eric.incertitudeTests;
				PRODUCT_NAME = "$(TARGET_NAME)";
				SWIFT_EMIT_LOC_STRINGS = NO;
				SWIFT_VERSION = 5.0;
				TARGETED_DEVICE_FAMILY = "1,2";
				TEST_HOST = "$(BUILT_PRODUCTS_DIR)/incertitude.app/$(BUNDLE_EXECUTABLE_FOLDER_PATH)/incertitude";
			};
			name = Debug;
		};
		4E729BA82CC5E6B800E9448E /* Release */ = {
			isa = XCBuildConfiguration;
			buildSettings = {
				BUNDLE_LOADER = "$(TEST_HOST)";
				CODE_SIGN_STYLE = Automatic;
				CURRENT_PROJECT_VERSION = 1;
				GENERATE_INFOPLIST_FILE = YES;
				IPHONEOS_DEPLOYMENT_TARGET = 18.0;
				MARKETING_VERSION = 1.0;
				PRODUCT_BUNDLE_IDENTIFIER = eric.incertitudeTests;
				PRODUCT_NAME = "$(TARGET_NAME)";
				SWIFT_EMIT_LOC_STRINGS = NO;
				SWIFT_VERSION = 5.0;
				TARGETED_DEVICE_FAMILY = "1,2";
				TEST_HOST = "$(BUILT_PRODUCTS_DIR)/incertitude.app/$(BUNDLE_EXECUTABLE_FOLDER_PATH)/incertitude";
			};
			name = Release;
		};
		4E729BAA2CC5E6B800E9448E /* Debug */ = {
			isa = XCBuildConfiguration;
			buildSettings = {
				CODE_SIGN_STYLE = Automatic;
				CURRENT_PROJECT_VERSION = 1;
				GENERATE_INFOPLIST_FILE = YES;
				MARKETING_VERSION = 1.0;
				PRODUCT_BUNDLE_IDENTIFIER = eric.incertitudeUITests;
				PRODUCT_NAME = "$(TARGET_NAME)";
				SWIFT_EMIT_LOC_STRINGS = NO;
				SWIFT_VERSION = 5.0;
				TARGETED_DEVICE_FAMILY = "1,2";
				TEST_TARGET_NAME = incertitude;
			};
			name = Debug;
		};
		4E729BAB2CC5E6B800E9448E /* Release */ = {
			isa = XCBuildConfiguration;
			buildSettings = {
				CODE_SIGN_STYLE = Automatic;
				CURRENT_PROJECT_VERSION = 1;
				GENERATE_INFOPLIST_FILE = YES;
				MARKETING_VERSION = 1.0;
				PRODUCT_BUNDLE_IDENTIFIER = eric.incertitudeUITests;
				PRODUCT_NAME = "$(TARGET_NAME)";
				SWIFT_EMIT_LOC_STRINGS = NO;
				SWIFT_VERSION = 5.0;
				TARGETED_DEVICE_FAMILY = "1,2";
				TEST_TARGET_NAME = incertitude;
			};
			name = Release;
		};
/* End XCBuildConfiguration section */

/* Begin XCConfigurationList section */
		4E729B782CC5E6B600E9448E /* Build configuration list for PBXProject "incertitude" */ = {
			isa = XCConfigurationList;
			buildConfigurations = (
				4E729BA12CC5E6B800E9448E /* Debug */,
				4E729BA22CC5E6B800E9448E /* Release */,
			);
			defaultConfigurationIsVisible = 0;
			defaultConfigurationName = Release;
		};
		4E729BA32CC5E6B800E9448E /* Build configuration list for PBXNativeTarget "incertitude" */ = {
			isa = XCConfigurationList;
			buildConfigurations = (
				4E729BA42CC5E6B800E9448E /* Debug */,
				4E729BA52CC5E6B800E9448E /* Release */,
			);
			defaultConfigurationIsVisible = 0;
			defaultConfigurationName = Release;
		};
		4E729BA62CC5E6B800E9448E /* Build configuration list for PBXNativeTarget "incertitudeTests" */ = {
			isa = XCConfigurationList;
			buildConfigurations = (
				4E729BA72CC5E6B800E9448E /* Debug */,
				4E729BA82CC5E6B800E9448E /* Release */,
			);
			defaultConfigurationIsVisible = 0;
			defaultConfigurationName = Release;
		};
		4E729BA92CC5E6B800E9448E /* Build configuration list for PBXNativeTarget "incertitudeUITests" */ = {
			isa = XCConfigurationList;
			buildConfigurations = (
				4E729BAA2CC5E6B800E9448E /* Debug */,
				4E729BAB2CC5E6B800E9448E /* Release */,
			);
			defaultConfigurationIsVisible = 0;
			defaultConfigurationName = Release;
		};
/* End XCConfigurationList section */
	};
	rootObject = 4E729B752CC5E6B600E9448E /* Project object */;
}
